
Microsoft Visual Studio Solution File, Format Version 12.00
# Visual Studio Version 17
VisualStudioVersion = 17.3.32901.215
MinimumVisualStudioVersion = 10.0.40219.1
Project("{FAE04EC0-301F-11D3-BF4B-00C04F79EFBC}") = "QuestionAPI", "QuestionAPI\QuestionAPI.csproj", "{83504ACD-A62F-48F0-BE68-5D0CE42A0D17}"
EndProject
Global
	GlobalSection(SolutionConfigurationPlatforms) = preSolution
		Debug|Any CPU = Debug|Any CPU
		Release|Any CPU = Release|Any CPU
	EndGlobalSection
	GlobalSection(ProjectConfigurationPlatforms) = postSolution
		{83504ACD-A62F-48F0-BE68-5D0CE42A0D17}.Debug|Any CPU.ActiveCfg = Debug|Any CPU
		{83504ACD-A62F-48F0-BE68-5D0CE42A0D17}.Debug|Any CPU.Build.0 = Debug|Any CPU
		{83504ACD-A62F-48F0-BE68-5D0CE42A0D17}.Release|Any CPU.ActiveCfg = Release|Any CPU
		{83504ACD-A62F-48F0-BE68-5D0CE42A0D17}.Release|Any CPU.Build.0 = Release|Any CPU
	EndGlobalSection
	GlobalSection(SolutionProperties) = preSolution
		HideSolutionNode = FALSE
	EndGlobalSection
	GlobalSection(ExtensibilityGlobals) = postSolution
		SolutionGuid = {785907CC-81DE-4055-AD0E-FE271ABA9A02}
	EndGlobalSection
EndGlobal
